lockfileVersion: 5.4

importers:

  .:
    specifiers: {}

  packages/pkg1:
    specifiers:
      is-number: ^7.0.0
      is-object: ^1.0.2
    dependencies:
      is-number: 7.0.0
      is-object: 1.0.2

packages:

  /is-number/7.0.0:
    resolution: {integrity: sha512-41Cifkg6e8TylSpdtTpeLVMqvSBEVzTttHvERD741+pnZ8ANv0004MRL43QKPDlK9cGvNp6NZWZUBlbGXYxxng==}
    engines: {node: '>=0.12.0'}
    dev: false

  /is-object/1.0.2:
    resolution: {integrity: sha512-2rRIahhZr2UWb45fIOuvZGpFtz0TyOZLf32KxBbSoUCeZR495zCKlWUKKUByk3geS2eAs7ZAABt0Y/Rx0GiQGA==}
    dev: false
